<?xml version="1.0" encoding="utf-8"?>
<Project ToolsVersion="4.0" xmlns="http://schemas.microsoft.com/developer/msbuild/2003">
  <ItemGroup>
    <Filter Include="Source Files">
      <UniqueIdentifier>{4FC737F1-C7A5-4376-A066-2A32D752A2FF}</UniqueIdentifier>
      <Extensions>cpp;c;cc;cxx;c++;cppm;ixx;def;odl;idl;hpj;bat;asm;asmx</Extensions>
    </Filter>
    <Filter Include="Header Files">
      <UniqueIdentifier>{93995380-89BD-4b04-88EB-625FBE52EBFB}</UniqueIdentifier>
      <Extensions>h;hh;hpp;hxx;h++;hm;inl;inc;ipp;xsd</Extensions>
    </Filter>
    <Filter Include="Resource Files">
      <UniqueIdentifier>{67DA6AB6-F800-4c08-8B7A-83BB121AAD01}</UniqueIdentifier>
      <Extensions>rc;ico;cur;bmp;dlg;rc2;rct;bin;rgs;gif;jpg;jpeg;jpe;resx;tiff;tif;png;wav;mfcribbon-ms</Extensions>
    </Filter>
    <Filter Include="Shaders">
      <UniqueIdentifier>{e30cc8e5-0f85-4eb4-850a-a86dfa317808}</UniqueIdentifier>
    </Filter>
    <Filter Include="Header Files\RHI">
      <UniqueIdentifier>{54290929-fcd8-4e67-882d-b549ee75fb56}</UniqueIdentifier>
    </Filter>
    <Filter Include="Header Files\RHI\DX12">
      <UniqueIdentifier>{e30b2742-44fe-4d1b-a70b-76cde033f493}</UniqueIdentifier>
    </Filter>
    <Filter Include="Source Files\RHI">
      <UniqueIdentifier>{63f9d835-9675-4f63-a84c-b093cb22d5a2}</UniqueIdentifier>
    </Filter>
    <Filter Include="Source Files\RHI\DX12">
      <UniqueIdentifier>{0484349e-7913-4bf3-b096-b49cf14ccbcf}</UniqueIdentifier>
    </Filter>
    <Filter Include="Header Files\RenderGraph">
      <UniqueIdentifier>{23fa7678-f0d3-4780-9a9e-b25474f29126}</UniqueIdentifier>
    </Filter>
    <Filter Include="Source Files\RenderGraph">
      <UniqueIdentifier>{5161447c-cc62-4884-b3b9-2a11dcbed018}</UniqueIdentifier>
    </Filter>
    <Filter Include="Header Files\tinygltf">
      <UniqueIdentifier>{99ba9178-3088-4234-8306-b836e02740a3}</UniqueIdentifier>
    </Filter>
    <Filter Include="Header Files\Asset">
      <UniqueIdentifier>{8e76d42d-2fb3-4604-ba4e-5f3e92b390fc}</UniqueIdentifier>
    </Filter>
    <Filter Include="Source Files\Assets">
      <UniqueIdentifier>{3e85e86d-7f10-447d-aaeb-a763c3285f81}</UniqueIdentifier>
    </Filter>
    <Filter Include="Header Files\DirectXTex">
      <UniqueIdentifier>{5f14818e-64b6-442f-a0fc-35c93afb55a3}</UniqueIdentifier>
    </Filter>
    <Filter Include="Header Files\Input">
      <UniqueIdentifier>{25ae8155-e7df-4bc0-abc7-e5af867aaac8}</UniqueIdentifier>
    </Filter>
    <Filter Include="Source Files\Input">
      <UniqueIdentifier>{c32aaec2-318b-4eb6-951b-431d5c62573b}</UniqueIdentifier>
    </Filter>
  </ItemGroup>
  <ItemGroup>
    <ClCompile Include="stdafx.cpp">
      <Filter>Source Files</Filter>
    </ClCompile>
    <ClCompile Include="main.cpp">
      <Filter>Source Files</Filter>
    </ClCompile>
    <ClCompile Include="GraphicsDevice_DX12.cpp">
      <Filter>Source Files\RHI\DX12</Filter>
    </ClCompile>
    <ClCompile Include="CommandContext_DX12.cpp">
      <Filter>Source Files\RHI\DX12</Filter>
    </ClCompile>
    <ClCompile Include="RenderGraph.cpp">
      <Filter>Source Files\RenderGraph</Filter>
    </ClCompile>
    <ClCompile Include="AssetLoader.cpp">
      <Filter>Source Files\Assets</Filter>
    </ClCompile>
    <ClCompile Include="Application.cpp">
      <Filter>Source Files</Filter>
    </ClCompile>
    <ClCompile Include="Window.cpp">
      <Filter>Source Files</Filter>
    </ClCompile>
    <ClCompile Include="Renderer.cpp">
      <Filter>Source Files</Filter>
    </ClCompile>
    <ClCompile Include="Camera.cpp">
      <Filter>Source Files</Filter>
    </ClCompile>
    <ClCompile Include="Keyboard.cpp">
      <Filter>Source Files\Input</Filter>
    </ClCompile>
    <ClCompile Include="Mouse.cpp">
      <Filter>Source Files\Input</Filter>
    </ClCompile>
  </ItemGroup>
  <ItemGroup>
    <ClInclude Include="stdafx.h">
      <Filter>Header Files</Filter>
    </ClInclude>
    <ClInclude Include="d3dx12.h">
      <Filter>Header Files</Filter>
    </ClInclude>
    <ClInclude Include="RHITypes.h">
      <Filter>Header Files\RHI</Filter>
    </ClInclude>
    <ClInclude Include="GraphicsDevice.h">
      <Filter>Header Files\RHI</Filter>
    </ClInclude>
    <ClInclude Include="GraphicsDevice_DX12.h">
      <Filter>Header Files\RHI\DX12</Filter>
    </ClInclude>
    <ClInclude Include="CommandContext.h">
      <Filter>Header Files\RHI</Filter>
    </ClInclude>
    <ClInclude Include="CommandContext_DX12.h">
      <Filter>Header Files\RHI\DX12</Filter>
    </ClInclude>
    <ClInclude Include="HRException.h">
      <Filter>Header Files\RHI\DX12</Filter>
    </ClInclude>
    <ClInclude Include="RenderGraph.h">
      <Filter>Header Files\RenderGraph</Filter>
    </ClInclude>
    <ClInclude Include="Mesh.h">
      <Filter>Header Files\Asset</Filter>
    </ClInclude>
    <ClInclude Include="AssetLoader.h">
      <Filter>Header Files\Asset</Filter>
    </ClInclude>
    <ClInclude Include="tiny_gltf.h">
      <Filter>Header Files\tinygltf</Filter>
    </ClInclude>
    <ClInclude Include="stb_image_write.h">
      <Filter>Header Files\tinygltf</Filter>
    </ClInclude>
    <ClInclude Include="stb_image.h">
      <Filter>Header Files\tinygltf</Filter>
    </ClInclude>
    <ClInclude Include="json.hpp">
      <Filter>Header Files\tinygltf</Filter>
    </ClInclude>
    <ClInclude Include="DirectXTex\DirectXTex.h">
      <Filter>Header Files\DirectXTex</Filter>
    </ClInclude>
    <ClInclude Include="Application.h">
      <Filter>Header Files</Filter>
    </ClInclude>
    <ClInclude Include="Window.h">
      <Filter>Header Files</Filter>
    </ClInclude>
    <ClInclude Include="Scene.h">
      <Filter>Header Files</Filter>
    </ClInclude>
    <ClInclude Include="Renderer.h">
      <Filter>Header Files</Filter>
    </ClInclude>
    <ClInclude Include="ShaderCompiler.h">
      <Filter>Header Files</Filter>
    </ClInclude>
    <ClInclude Include="Camera.h">
      <Filter>Header Files</Filter>
    </ClInclude>
    <ClInclude Include="Keyboard.h">
      <Filter>Header Files\Input</Filter>
    </ClInclude>
    <ClInclude Include="Mouse.h">
      <Filter>Header Files\Input</Filter>
    </ClInclude>
    <ClInclude Include="MokoMath.h">
      <Filter>Header Files</Filter>
    </ClInclude>
  </ItemGroup>
  <ItemGroup>
    <FxCompile Include="shaders_PSMain.hlsl">
      <Filter>Shaders</Filter>
    </FxCompile>
    <FxCompile Include="shaders_VSMain.hlsl">
      <Filter>Shaders</Filter>
    </FxCompile>
    <FxCompile Include="debugshaders_VS.hlsl">
      <Filter>Shaders</Filter>
    </FxCompile>
    <FxCompile Include="debugshaders_Depth_PS.hlsl">
      <Filter>Shaders</Filter>
    </FxCompile>
    <FxCompile Include="shaders_GBuffer_PS.hlsl">
      <Filter>Shaders</Filter>
    </FxCompile>
    <FxCompile Include="shaders_GBuffer_VS.hlsl">
      <Filter>Shaders</Filter>
    </FxCompile>
    <FxCompile Include="debugshaders_PS.hlsl">
      <Filter>Shaders</Filter>
    </FxCompile>
    <FxCompile Include="shaders_Lighting_PS.hlsl">
      <Filter>Shaders</Filter>
    </FxCompile>
    <FxCompile Include="shaders_Lighting_VS.hlsl">
      <Filter>Shaders</Filter>
    </FxCompile>
  </ItemGroup>
  <ItemGroup>
    <None Include="DirectXTex\DirectXTex.inl">
      <Filter>Header Files\DirectXTex</Filter>
    </None>
  </ItemGroup>
</Project>