<?xml version="1.0" encoding="utf-8"?>
<Project ToolsVersion="4.0" xmlns="http://schemas.microsoft.com/developer/msbuild/2003">
  <ItemGroup>
    <Filter Include="Source Files">
      <UniqueIdentifier>{4FC737F1-C7A5-4376-A066-2A32D752A2FF}</UniqueIdentifier>
      <Extensions>cpp;c;cc;cxx;c++;cppm;ixx;def;odl;idl;hpj;bat;asm;asmx</Extensions>
    </Filter>
    <Filter Include="Header Files">
      <UniqueIdentifier>{93995380-89BD-4b04-88EB-625FBE52EBFB}</UniqueIdentifier>
      <Extensions>h;hh;hpp;hxx;h++;hm;inl;inc;ipp;xsd</Extensions>
    </Filter>
    <Filter Include="Resource Files">
      <UniqueIdentifier>{67DA6AB6-F800-4c08-8B7A-83BB121AAD01}</UniqueIdentifier>
      <Extensions>rc;ico;cur;bmp;dlg;rc2;rct;bin;rgs;gif;jpg;jpeg;jpe;resx;tiff;tif;png;wav;mfcribbon-ms</Extensions>
    </Filter>
    <Filter Include="Shaders">
      <UniqueIdentifier>{e30cc8e5-0f85-4eb4-850a-a86dfa317808}</UniqueIdentifier>
    </Filter>
    <Filter Include="Header Files\RHI">
      <UniqueIdentifier>{54290929-fcd8-4e67-882d-b549ee75fb56}</UniqueIdentifier>
    </Filter>
    <Filter Include="Header Files\RHI\DX12">
      <UniqueIdentifier>{e30b2742-44fe-4d1b-a70b-76cde033f493}</UniqueIdentifier>
    </Filter>
    <Filter Include="Source Files\RHI">
      <UniqueIdentifier>{63f9d835-9675-4f63-a84c-b093cb22d5a2}</UniqueIdentifier>
    </Filter>
    <Filter Include="Source Files\RHI\DX12">
      <UniqueIdentifier>{0484349e-7913-4bf3-b096-b49cf14ccbcf}</UniqueIdentifier>
    </Filter>
    <Filter Include="Header Files\RenderGraph">
      <UniqueIdentifier>{23fa7678-f0d3-4780-9a9e-b25474f29126}</UniqueIdentifier>
    </Filter>
    <Filter Include="Source Files\RenderGraph">
      <UniqueIdentifier>{5161447c-cc62-4884-b3b9-2a11dcbed018}</UniqueIdentifier>
    </Filter>
    <Filter Include="Header Files\tinygltf">
      <UniqueIdentifier>{99ba9178-3088-4234-8306-b836e02740a3}</UniqueIdentifier>
    </Filter>
    <Filter Include="Header Files\Asset">
      <UniqueIdentifier>{8e76d42d-2fb3-4604-ba4e-5f3e92b390fc}</UniqueIdentifier>
    </Filter>
    <Filter Include="Source Files\Assets">
      <UniqueIdentifier>{3e85e86d-7f10-447d-aaeb-a763c3285f81}</UniqueIdentifier>
    </Filter>
    <Filter Include="Header Files\DirectXTex">
      <UniqueIdentifier>{5f14818e-64b6-442f-a0fc-35c93afb55a3}</UniqueIdentifier>
    </Filter>
    <Filter Include="Header Files\Input">
      <UniqueIdentifier>{25ae8155-e7df-4bc0-abc7-e5af867aaac8}</UniqueIdentifier>
    </Filter>
    <Filter Include="Source Files\Input">
      <UniqueIdentifier>{c32aaec2-318b-4eb6-951b-431d5c62573b}</UniqueIdentifier>
    </Filter>
    <Filter Include="Header Files\Allocator">
      <UniqueIdentifier>{46c0df80-ea80-415e-a362-781aa4953a9f}</UniqueIdentifier>
    </Filter>
    <Filter Include="Source Files\Allocator">
      <UniqueIdentifier>{25226278-a6b8-4495-a0b8-c337ee91ed4d}</UniqueIdentifier>
    </Filter>
    <Filter Include="Header Files\Profile">
      <UniqueIdentifier>{5c23e2f4-4188-43c4-99c7-5233316e8ddf}</UniqueIdentifier>
    </Filter>
    <Filter Include="Header Files\ECS">
      <UniqueIdentifier>{4e8cff79-0d20-4409-aca6-06d368f4c070}</UniqueIdentifier>
    </Filter>
    <Filter Include="Source Files\ECS">
      <UniqueIdentifier>{4d3165a6-a9b1-4008-b18a-69f5814d071b}</UniqueIdentifier>
    </Filter>
    <Filter Include="Header Files\ECS\Systems">
      <UniqueIdentifier>{7db0680c-b7ef-4750-98f1-034a27b466c6}</UniqueIdentifier>
    </Filter>
    <Filter Include="Source Files\ECS\Systems">
      <UniqueIdentifier>{899d28aa-7000-46e6-9c9b-98c69560ee9b}</UniqueIdentifier>
    </Filter>
    <Filter Include="Header Files\imgui">
      <UniqueIdentifier>{6ec2fed0-facd-40f6-844c-344123041957}</UniqueIdentifier>
    </Filter>
    <Filter Include="Source Files\imgui">
      <UniqueIdentifier>{dfb3ce0c-7208-4a21-86a3-94dee749c2d4}</UniqueIdentifier>
    </Filter>
    <Filter Include="Header Files\ECS\Components">
      <UniqueIdentifier>{76cac2fd-7de0-4d97-af07-2faf05ffcef3}</UniqueIdentifier>
    </Filter>
    <Filter Include="Source Files\ECS\Operations">
      <UniqueIdentifier>{ddd24e55-9e9e-42d8-9217-0536d439b20c}</UniqueIdentifier>
    </Filter>
    <Filter Include="Header Files\Jobs">
      <UniqueIdentifier>{48e0607b-f0cc-488c-b716-e8d69b096e04}</UniqueIdentifier>
    </Filter>
    <Filter Include="Source Files\Jobs">
      <UniqueIdentifier>{ed74b4f5-c769-49d6-8ef0-218bce45b889}</UniqueIdentifier>
    </Filter>
  </ItemGroup>
  <ItemGroup>
    <ClCompile Include="stdafx.cpp">
      <Filter>Source Files</Filter>
    </ClCompile>
    <ClCompile Include="main.cpp">
      <Filter>Source Files</Filter>
    </ClCompile>
    <ClCompile Include="GraphicsDevice_DX12.cpp">
      <Filter>Source Files\RHI\DX12</Filter>
    </ClCompile>
    <ClCompile Include="CommandContext_DX12.cpp">
      <Filter>Source Files\RHI\DX12</Filter>
    </ClCompile>
    <ClCompile Include="RenderGraph.cpp">
      <Filter>Source Files\RenderGraph</Filter>
    </ClCompile>
    <ClCompile Include="AssetLoader.cpp">
      <Filter>Source Files\Assets</Filter>
    </ClCompile>
    <ClCompile Include="Application.cpp">
      <Filter>Source Files</Filter>
    </ClCompile>
    <ClCompile Include="Window.cpp">
      <Filter>Source Files</Filter>
    </ClCompile>
    <ClCompile Include="Renderer.cpp">
      <Filter>Source Files</Filter>
    </ClCompile>
    <ClCompile Include="Keyboard.cpp">
      <Filter>Source Files\Input</Filter>
    </ClCompile>
    <ClCompile Include="Mouse.cpp">
      <Filter>Source Files\Input</Filter>
    </ClCompile>
    <ClCompile Include="UploadHeapRingAllocator.cpp">
      <Filter>Source Files\Allocator</Filter>
    </ClCompile>
    <ClCompile Include="TextureLoader.cpp">
      <Filter>Source Files\Assets</Filter>
    </ClCompile>
    <ClCompile Include="DX12Helpers.cpp">
      <Filter>Source Files\RHI\DX12</Filter>
    </ClCompile>
    <ClCompile Include="EntityManager.cpp">
      <Filter>Source Files\ECS</Filter>
    </ClCompile>
    <ClCompile Include="EntityScene.cpp">
      <Filter>Source Files\ECS</Filter>
    </ClCompile>
    <ClCompile Include="SystemManager.cpp">
      <Filter>Source Files\ECS</Filter>
    </ClCompile>
    <ClCompile Include="TransformSystem.cpp">
      <Filter>Source Files\ECS\Systems</Filter>
    </ClCompile>
    <ClCompile Include="CameraControllerSystem.cpp">
      <Filter>Source Files</Filter>
    </ClCompile>
    <ClCompile Include="InputState.cpp">
      <Filter>Source Files\ECS</Filter>
    </ClCompile>
    <ClCompile Include="DescriptorAllocator.cpp">
      <Filter>Source Files\Allocator</Filter>
    </ClCompile>
    <ClCompile Include="..\..\external\imgui\imgui_demo.cpp">
      <Filter>Source Files\imgui</Filter>
    </ClCompile>
    <ClCompile Include="..\..\external\imgui\imgui.cpp">
      <Filter>Source Files\imgui</Filter>
    </ClCompile>
    <ClCompile Include="..\..\external\imgui\imgui_draw.cpp">
      <Filter>Source Files\imgui</Filter>
    </ClCompile>
    <ClCompile Include="..\..\external\imgui\backends\imgui_impl_dx12.cpp">
      <Filter>Source Files\imgui</Filter>
    </ClCompile>
    <ClCompile Include="..\..\external\imgui\backends\imgui_impl_win32.cpp">
      <Filter>Source Files\imgui</Filter>
    </ClCompile>
    <ClCompile Include="..\..\external\imgui\imgui_tables.cpp">
      <Filter>Source Files\imgui</Filter>
    </ClCompile>
    <ClCompile Include="..\..\external\imgui\imgui_widgets.cpp">
      <Filter>Source Files\imgui</Filter>
    </ClCompile>
    <ClCompile Include="EditorSystem.cpp">
      <Filter>Source Files</Filter>
    </ClCompile>
    <ClCompile Include="TransformComponentOperations.cpp">
      <Filter>Source Files\ECS\Operations</Filter>
    </ClCompile>
    <ClCompile Include="CameraComponentOperations.cpp">
      <Filter>Source Files\ECS\Operations</Filter>
    </ClCompile>
    <ClCompile Include="JobQueue.cpp">
      <Filter>Source Files\Jobs</Filter>
    </ClCompile>
    <ClCompile Include="WorkerThread.cpp">
      <Filter>Source Files\Jobs</Filter>
    </ClCompile>
    <ClCompile Include="JobGroup.cpp">
      <Filter>Source Files\Jobs</Filter>
    </ClCompile>
    <ClCompile Include="JobSystem.cpp">
      <Filter>Source Files\ECS\Systems</Filter>
    </ClCompile>
    <ClCompile Include="JobHandle.cpp">
      <Filter>Source Files\Jobs</Filter>
    </ClCompile>
  </ItemGroup>
  <ItemGroup>
    <ClInclude Include="stdafx.h">
      <Filter>Header Files</Filter>
    </ClInclude>
    <ClInclude Include="d3dx12.h">
      <Filter>Header Files</Filter>
    </ClInclude>
    <ClInclude Include="RHITypes.h">
      <Filter>Header Files\RHI</Filter>
    </ClInclude>
    <ClInclude Include="GraphicsDevice.h">
      <Filter>Header Files\RHI</Filter>
    </ClInclude>
    <ClInclude Include="GraphicsDevice_DX12.h">
      <Filter>Header Files\RHI\DX12</Filter>
    </ClInclude>
    <ClInclude Include="CommandContext.h">
      <Filter>Header Files\RHI</Filter>
    </ClInclude>
    <ClInclude Include="CommandContext_DX12.h">
      <Filter>Header Files\RHI\DX12</Filter>
    </ClInclude>
    <ClInclude Include="HRException.h">
      <Filter>Header Files\RHI\DX12</Filter>
    </ClInclude>
    <ClInclude Include="RenderGraph.h">
      <Filter>Header Files\RenderGraph</Filter>
    </ClInclude>
    <ClInclude Include="Mesh.h">
      <Filter>Header Files\Asset</Filter>
    </ClInclude>
    <ClInclude Include="AssetLoader.h">
      <Filter>Header Files\Asset</Filter>
    </ClInclude>
    <ClInclude Include="tiny_gltf.h">
      <Filter>Header Files\tinygltf</Filter>
    </ClInclude>
    <ClInclude Include="stb_image_write.h">
      <Filter>Header Files\tinygltf</Filter>
    </ClInclude>
    <ClInclude Include="stb_image.h">
      <Filter>Header Files\tinygltf</Filter>
    </ClInclude>
    <ClInclude Include="json.hpp">
      <Filter>Header Files\tinygltf</Filter>
    </ClInclude>
    <ClInclude Include="DirectXTex\DirectXTex.h">
      <Filter>Header Files\DirectXTex</Filter>
    </ClInclude>
    <ClInclude Include="Application.h">
      <Filter>Header Files</Filter>
    </ClInclude>
    <ClInclude Include="Window.h">
      <Filter>Header Files</Filter>
    </ClInclude>
    <ClInclude Include="Renderer.h">
      <Filter>Header Files</Filter>
    </ClInclude>
    <ClInclude Include="ShaderCompiler.h">
      <Filter>Header Files</Filter>
    </ClInclude>
    <ClInclude Include="Keyboard.h">
      <Filter>Header Files\Input</Filter>
    </ClInclude>
    <ClInclude Include="Mouse.h">
      <Filter>Header Files\Input</Filter>
    </ClInclude>
    <ClInclude Include="MokoMath.h">
      <Filter>Header Files</Filter>
    </ClInclude>
    <ClInclude Include="UploadHeapRingAllocator.h">
      <Filter>Header Files\Allocator</Filter>
    </ClInclude>
    <ClInclude Include="TextureLoader.h">
      <Filter>Header Files\Asset</Filter>
    </ClInclude>
    <ClInclude Include="GPUTimestampProfiler.h">
      <Filter>Header Files\Profile</Filter>
    </ClInclude>
    <ClInclude Include="MokoTime.h">
      <Filter>Header Files</Filter>
    </ClInclude>
    <ClInclude Include="MokoLog.h">
      <Filter>Header Files</Filter>
    </ClInclude>
    <ClInclude Include="DX12Helpers.h">
      <Filter>Header Files\RHI\DX12</Filter>
    </ClInclude>
    <ClInclude Include="FrameData.h">
      <Filter>Header Files</Filter>
    </ClInclude>
    <ClInclude Include="Entity.h">
      <Filter>Header Files\ECS</Filter>
    </ClInclude>
    <ClInclude Include="IComponentPool.h">
      <Filter>Header Files\ECS</Filter>
    </ClInclude>
    <ClInclude Include="ComponentPool.h">
      <Filter>Header Files\ECS</Filter>
    </ClInclude>
    <ClInclude Include="View.h">
      <Filter>Header Files\ECS</Filter>
    </ClInclude>
    <ClInclude Include="Registry.h">
      <Filter>Header Files\ECS</Filter>
    </ClInclude>
    <ClInclude Include="EntityManager.h">
      <Filter>Header Files\ECS</Filter>
    </ClInclude>
    <ClInclude Include="EntityScene.h">
      <Filter>Header Files\ECS</Filter>
    </ClInclude>
    <ClInclude Include="RenderScene.h">
      <Filter>Header Files</Filter>
    </ClInclude>
    <ClInclude Include="SystemManager.h">
      <Filter>Header Files\ECS</Filter>
    </ClInclude>
    <ClInclude Include="TransformSystem.h">
      <Filter>Header Files\ECS\Systems</Filter>
    </ClInclude>
    <ClInclude Include="CameraControllerSystem.h">
      <Filter>Header Files\ECS\Systems</Filter>
    </ClInclude>
    <ClInclude Include="InputState.h">
      <Filter>Header Files\ECS</Filter>
    </ClInclude>
    <ClInclude Include="DescriptorHandle.h">
      <Filter>Header Files\Allocator</Filter>
    </ClInclude>
    <ClInclude Include="DescriptorAllocator.h">
      <Filter>Header Files\Allocator</Filter>
    </ClInclude>
    <ClInclude Include="..\..\external\imgui\backends\imgui_impl_dx12.h">
      <Filter>Header Files\imgui</Filter>
    </ClInclude>
    <ClInclude Include="..\..\external\imgui\backends\imgui_impl_win32.h">
      <Filter>Header Files\imgui</Filter>
    </ClInclude>
    <ClInclude Include="EditorSystem.h">
      <Filter>Header Files\ECS\Systems</Filter>
    </ClInclude>
    <ClInclude Include="TransformComponent.h">
      <Filter>Header Files\ECS\Components</Filter>
    </ClInclude>
    <ClInclude Include="CameraComponent.h">
      <Filter>Header Files\ECS\Components</Filter>
    </ClInclude>
    <ClInclude Include="PointLightComponent.h">
      <Filter>Header Files\ECS\Components</Filter>
    </ClInclude>
    <ClInclude Include="DirectionalLightComponent.h">
      <Filter>Header Files\ECS\Components</Filter>
    </ClInclude>
    <ClInclude Include="NameComponent.h">
      <Filter>Header Files\ECS\Components</Filter>
    </ClInclude>
    <ClInclude Include="HirerarchyComponent.h">
      <Filter>Header Files\ECS\Components</Filter>
    </ClInclude>
    <ClInclude Include="MeshRendererComponent.h">
      <Filter>Header Files\ECS\Components</Filter>
    </ClInclude>
    <ClInclude Include="Job.h">
      <Filter>Header Files\Jobs</Filter>
    </ClInclude>
    <ClInclude Include="JobQueue.h">
      <Filter>Header Files\Jobs</Filter>
    </ClInclude>
    <ClInclude Include="WorkerThread.h">
      <Filter>Header Files\Jobs</Filter>
    </ClInclude>
    <ClInclude Include="JobHandle.h">
      <Filter>Header Files\Jobs</Filter>
    </ClInclude>
    <ClInclude Include="JobGroup.h">
      <Filter>Header Files\Jobs</Filter>
    </ClInclude>
    <ClInclude Include="JobSystem.h">
      <Filter>Header Files\ECS\Systems</Filter>
    </ClInclude>
    <ClInclude Include="SpinWait.h">
      <Filter>Header Files\Jobs</Filter>
    </ClInclude>
    <ClInclude Include="JobTime.h">
      <Filter>Header Files\Jobs</Filter>
    </ClInclude>
    <ClInclude Include="ISystem.h">
      <Filter>Header Files\ECS\Systems</Filter>
    </ClInclude>
  </ItemGroup>
  <ItemGroup>
    <FxCompile Include="shaders_Depth_VS.hlsl">
      <Filter>Shaders</Filter>
    </FxCompile>
    <FxCompile Include="debugshaders_Depth_PS.hlsl">
      <Filter>Shaders</Filter>
    </FxCompile>
    <FxCompile Include="shaders_GBufferOpaque_PS.hlsl">
      <Filter>Shaders</Filter>
    </FxCompile>
    <FxCompile Include="shaders_GBuffer_VS.hlsl">
      <Filter>Shaders</Filter>
    </FxCompile>
    <FxCompile Include="debugshaders_PS.hlsl">
      <Filter>Shaders</Filter>
    </FxCompile>
    <FxCompile Include="shaders_Lighting_PS.hlsl">
      <Filter>Shaders</Filter>
    </FxCompile>
    <FxCompile Include="shaders_FullScreen_VS.hlsl">
      <Filter>Shaders</Filter>
    </FxCompile>
    <FxCompile Include="shaders_GBufferAlpha_PS.hlsl">
      <Filter>Shaders</Filter>
    </FxCompile>
    <FxCompile Include="shaders_PBRLighting_PS.hlsl">
      <Filter>Shaders</Filter>
    </FxCompile>
    <FxCompile Include="shaders_Skybox_CS.hlsl">
      <Filter>Shaders</Filter>
    </FxCompile>
    <FxCompile Include="shaders_Skybox_PS.hlsl">
      <Filter>Shaders</Filter>
    </FxCompile>
    <FxCompile Include="shaders_brdfLUT_CS.hlsl">
      <Filter>Shaders</Filter>
    </FxCompile>
    <FxCompile Include="shaders_IrradianceMap_CS.hlsl">
      <Filter>Shaders</Filter>
    </FxCompile>
    <FxCompile Include="shaders_PrefilteredEnvironmentMap_CS.hlsl">
      <Filter>Shaders</Filter>
    </FxCompile>
    <FxCompile Include="shaders_shadowMap_VS.hlsl">
      <Filter>Shaders</Filter>
    </FxCompile>
    <FxCompile Include="shaders_pointShadowMap_VS.hlsl">
      <Filter>Shaders</Filter>
    </FxCompile>
    <FxCompile Include="shaders_SSAO_PS.hlsl">
      <Filter>Shaders</Filter>
    </FxCompile>
    <FxCompile Include="shaders_BilateralBlurVertical_PS.hlsl">
      <Filter>Shaders</Filter>
    </FxCompile>
    <FxCompile Include="shaders_BilateralBlurHorizontal_PS.hlsl">
      <Filter>Shaders</Filter>
    </FxCompile>
    <FxCompile Include="shaders_GTAO_CS.hlsl">
      <Filter>Shaders</Filter>
    </FxCompile>
    <FxCompile Include="shaders_BilateralBlur_CS.hlsl">
      <Filter>Shaders</Filter>
    </FxCompile>
  </ItemGroup>
  <ItemGroup>
    <None Include="DirectXTex\DirectXTex.inl">
      <Filter>Header Files\DirectXTex</Filter>
    </None>
  </ItemGroup>
</Project>